
Microsoft Visual Studio Solution File, Format Version 12.00
# Visual Studio 15
VisualStudioVersion = 15.0.27428.2037
MinimumVisualStudioVersion = 10.0.40219.1
Project("{FAE04EC0-301F-11D3-BF4B-00C04F79EFBC}") = "WindowsUpdateServerCat", "WindowsUpdateServerCat\WindowsUpdateServerCat.csproj", "{2E79AD2B-57F7-4B7B-8887-8E20FF4B6E45}"
EndProject
Project("{FAE04EC0-301F-11D3-BF4B-00C04F79EFBC}") = "WindowsUpdateServerCatClassLibrary", "WindowsUpdateServerCatClassLibrary\WindowsUpdateServerCatClassLibrary.csproj", "{57E704AF-E2D9-40AB-848F-DDD46C3D05E6}"
EndProject
Project("{FAE04EC0-301F-11D3-BF4B-00C04F79EFBC}") = "Commom", "Commom\Commom.csproj", "{67BA60BA-F8FA-4971-B10C-2677E8ACDCDF}"
EndProject
Global
	GlobalSection(SolutionConfigurationPlatforms) = preSolution
		Debug|Any CPU = Debug|Any CPU
		Release|Any CPU = Release|Any CPU
	EndGlobalSection
	GlobalSection(ProjectConfigurationPlatforms) = postSolution
		{2E79AD2B-57F7-4B7B-8887-8E20FF4B6E45}.Debug|Any CPU.ActiveCfg = Debug|Any CPU
		{2E79AD2B-57F7-4B7B-8887-8E20FF4B6E45}.Debug|Any CPU.Build.0 = Debug|Any CPU
		{2E79AD2B-57F7-4B7B-8887-8E20FF4B6E45}.Release|Any CPU.ActiveCfg = Release|Any CPU
		{2E79AD2B-57F7-4B7B-8887-8E20FF4B6E45}.Release|Any CPU.Build.0 = Release|Any CPU
		{57E704AF-E2D9-40AB-848F-DDD46C3D05E6}.Debug|Any CPU.ActiveCfg = Debug|Any CPU
		{57E704AF-E2D9-40AB-848F-DDD46C3D05E6}.Debug|Any CPU.Build.0 = Debug|Any CPU
		{57E704AF-E2D9-40AB-848F-DDD46C3D05E6}.Release|Any CPU.ActiveCfg = Release|Any CPU
		{57E704AF-E2D9-40AB-848F-DDD46C3D05E6}.Release|Any CPU.Build.0 = Release|Any CPU
		{67BA60BA-F8FA-4971-B10C-2677E8ACDCDF}.Debug|Any CPU.ActiveCfg = Debug|Any CPU
		{67BA60BA-F8FA-4971-B10C-2677E8ACDCDF}.Debug|Any CPU.Build.0 = Debug|Any CPU
		{67BA60BA-F8FA-4971-B10C-2677E8ACDCDF}.Release|Any CPU.ActiveCfg = Release|Any CPU
		{67BA60BA-F8FA-4971-B10C-2677E8ACDCDF}.Release|Any CPU.Build.0 = Release|Any CPU
	EndGlobalSection
	GlobalSection(SolutionProperties) = preSolution
		HideSolutionNode = FALSE
	EndGlobalSection
	GlobalSection(ExtensibilityGlobals) = postSolution
		SolutionGuid = {B8A63806-FFE6-4A10-BCFC-1749A4455097}
	EndGlobalSection
EndGlobal
